
Microsoft Visual Studio Solution File, Format Version 12.00
# Visual Studio Version 16
VisualStudioVersion = 16.0.29009.5
MinimumVisualStudioVersion = 10.0.40219.1
Project("{FAE04EC0-301F-11D3-BF4B-00C04F79EFBC}") = "FrontEnd(console)", "TARichardson.Project0(console)\FrontEnd(console).csproj", "{F8F9ED06-F0E2-4AA5-A4A0-7651C7A8F7D8}"
EndProject
Project("{FAE04EC0-301F-11D3-BF4B-00C04F79EFBC}") = "Entities", "Entities\Entities.csproj", "{8620A2E3-1ABC-4EDF-B176-981BF788A9B2}"
EndProject
Project("{FAE04EC0-301F-11D3-BF4B-00C04F79EFBC}") = "Utility", "Utility\Utility.csproj", "{000121B5-B311-4161-975B-3ACA746BF84E}"
EndProject
Project("{2150E333-8FDC-42A3-9474-1A3956D46DE8}") = "Solution Items", "Solution Items", "{74F9A727-137B-4B71-AAD4-9C0F7A2C3B3B}"
	ProjectSection(SolutionItems) = preProject
		.gitignore = .gitignore
	EndProjectSection
EndProject
Project("{FAE04EC0-301F-11D3-BF4B-00C04F79EFBC}") = "BusinessLayer", "BusinessLayer\BusinessLayer.csproj", "{BB38AFB4-F594-4897-8826-D3F04E3BF888}"
EndProject
Project("{FAE04EC0-301F-11D3-BF4B-00C04F79EFBC}") = "DataLayer", "DataLayer\DataLayer.csproj", "{2594D3F6-C71C-474B-BD23-436F872EAAC7}"
EndProject
Global
	GlobalSection(SolutionConfigurationPlatforms) = preSolution
		Debug|Any CPU = Debug|Any CPU
		Release|Any CPU = Release|Any CPU
	EndGlobalSection
	GlobalSection(ProjectConfigurationPlatforms) = postSolution
		{F8F9ED06-F0E2-4AA5-A4A0-7651C7A8F7D8}.Debug|Any CPU.ActiveCfg = Debug|Any CPU
		{F8F9ED06-F0E2-4AA5-A4A0-7651C7A8F7D8}.Debug|Any CPU.Build.0 = Debug|Any CPU
		{F8F9ED06-F0E2-4AA5-A4A0-7651C7A8F7D8}.Release|Any CPU.ActiveCfg = Release|Any CPU
		{F8F9ED06-F0E2-4AA5-A4A0-7651C7A8F7D8}.Release|Any CPU.Build.0 = Release|Any CPU
		{8620A2E3-1ABC-4EDF-B176-981BF788A9B2}.Debug|Any CPU.ActiveCfg = Debug|Any CPU
		{8620A2E3-1ABC-4EDF-B176-981BF788A9B2}.Debug|Any CPU.Build.0 = Debug|Any CPU
		{8620A2E3-1ABC-4EDF-B176-981BF788A9B2}.Release|Any CPU.ActiveCfg = Release|Any CPU
		{8620A2E3-1ABC-4EDF-B176-981BF788A9B2}.Release|Any CPU.Build.0 = Release|Any CPU
		{000121B5-B311-4161-975B-3ACA746BF84E}.Debug|Any CPU.ActiveCfg = Debug|Any CPU
		{000121B5-B311-4161-975B-3ACA746BF84E}.Debug|Any CPU.Build.0 = Debug|Any CPU
		{000121B5-B311-4161-975B-3ACA746BF84E}.Release|Any CPU.ActiveCfg = Release|Any CPU
		{000121B5-B311-4161-975B-3ACA746BF84E}.Release|Any CPU.Build.0 = Release|Any CPU
		{BB38AFB4-F594-4897-8826-D3F04E3BF888}.Debug|Any CPU.ActiveCfg = Debug|Any CPU
		{BB38AFB4-F594-4897-8826-D3F04E3BF888}.Debug|Any CPU.Build.0 = Debug|Any CPU
		{BB38AFB4-F594-4897-8826-D3F04E3BF888}.Release|Any CPU.ActiveCfg = Release|Any CPU
		{BB38AFB4-F594-4897-8826-D3F04E3BF888}.Release|Any CPU.Build.0 = Release|Any CPU
		{2594D3F6-C71C-474B-BD23-436F872EAAC7}.Debug|Any CPU.ActiveCfg = Debug|Any CPU
		{2594D3F6-C71C-474B-BD23-436F872EAAC7}.Debug|Any CPU.Build.0 = Debug|Any CPU
		{2594D3F6-C71C-474B-BD23-436F872EAAC7}.Release|Any CPU.ActiveCfg = Release|Any CPU
		{2594D3F6-C71C-474B-BD23-436F872EAAC7}.Release|Any CPU.Build.0 = Release|Any CPU
	EndGlobalSection
	GlobalSection(SolutionProperties) = preSolution
		HideSolutionNode = FALSE
	EndGlobalSection
	GlobalSection(ExtensibilityGlobals) = postSolution
		SolutionGuid = {7E3DA7B3-D7A0-48A9-B843-3584F6F0E38C}
	EndGlobalSection
EndGlobal
